
Microsoft Visual Studio Solution File, Format Version 12.00
# Visual Studio Version 17
VisualStudioVersion = 17.10.35122.118
MinimumVisualStudioVersion = 10.0.40219.1
Project("{2150E333-8FDC-42A3-9474-1A3956D46DE8}") = "Bootstrapper", "Bootstrapper", "{6319D8CD-4BD0-4976-999B-4D923E2B3D2A}"
EndProject
Project("{2150E333-8FDC-42A3-9474-1A3956D46DE8}") = "Modules", "Modules", "{2597CC7F-9DD4-406D-8683-856B97280026}"
EndProject
Project("{2150E333-8FDC-42A3-9474-1A3956D46DE8}") = "Shared", "Shared", "{2F90E99D-6DDE-4F3A-A797-994F58C14A02}"
EndProject
Project("{FAE04EC0-301F-11D3-BF4B-00C04F79EFBC}") = "Api", "Bootstrapper\Api\Api.csproj", "{C32E69CB-E776-4461-BD20-0BE159A629D6}"
EndProject
Project("{2150E333-8FDC-42A3-9474-1A3956D46DE8}") = "Catalog", "Catalog", "{A485292F-A262-4FB8-A84C-0C9DE9E755D7}"
EndProject
Project("{2150E333-8FDC-42A3-9474-1A3956D46DE8}") = "Basket", "Basket", "{903FC340-99F3-43D2-8C34-22A764813D54}"
EndProject
Project("{2150E333-8FDC-42A3-9474-1A3956D46DE8}") = "Ordering", "Ordering", "{C9C9FBCB-3E43-47AA-9A29-9C6B1204EB42}"
EndProject
Project("{FAE04EC0-301F-11D3-BF4B-00C04F79EFBC}") = "Catalog", "Modules\Catalog\Catalog\Catalog.csproj", "{B286ECB2-CCE8-4F97-AB9C-EE10A9C71F88}"
EndProject
Project("{FAE04EC0-301F-11D3-BF4B-00C04F79EFBC}") = "Basket", "Modules\Basket\Basket\Basket.csproj", "{993BD54A-6E55-4B21-B498-E0BDCE95EC4A}"
EndProject
Project("{FAE04EC0-301F-11D3-BF4B-00C04F79EFBC}") = "Ordering", "Modules\Ordering\Ordering\Ordering.csproj", "{69A99E75-5F05-4DD5-B625-542B067218B0}"
EndProject
Project("{FAE04EC0-301F-11D3-BF4B-00C04F79EFBC}") = "Shared", "Shared\Shared\Shared.csproj", "{26D24B38-7253-4629-A7D2-74EE9BE5C0A3}"
EndProject
Global
	GlobalSection(SolutionConfigurationPlatforms) = preSolution
		Debug|Any CPU = Debug|Any CPU
		Release|Any CPU = Release|Any CPU
	EndGlobalSection
	GlobalSection(ProjectConfigurationPlatforms) = postSolution
		{C32E69CB-E776-4461-BD20-0BE159A629D6}.Debug|Any CPU.ActiveCfg = Debug|Any CPU
		{C32E69CB-E776-4461-BD20-0BE159A629D6}.Debug|Any CPU.Build.0 = Debug|Any CPU
		{C32E69CB-E776-4461-BD20-0BE159A629D6}.Release|Any CPU.ActiveCfg = Release|Any CPU
		{C32E69CB-E776-4461-BD20-0BE159A629D6}.Release|Any CPU.Build.0 = Release|Any CPU
		{B286ECB2-CCE8-4F97-AB9C-EE10A9C71F88}.Debug|Any CPU.ActiveCfg = Debug|Any CPU
		{B286ECB2-CCE8-4F97-AB9C-EE10A9C71F88}.Debug|Any CPU.Build.0 = Debug|Any CPU
		{B286ECB2-CCE8-4F97-AB9C-EE10A9C71F88}.Release|Any CPU.ActiveCfg = Release|Any CPU
		{B286ECB2-CCE8-4F97-AB9C-EE10A9C71F88}.Release|Any CPU.Build.0 = Release|Any CPU
		{993BD54A-6E55-4B21-B498-E0BDCE95EC4A}.Debug|Any CPU.ActiveCfg = Debug|Any CPU
		{993BD54A-6E55-4B21-B498-E0BDCE95EC4A}.Debug|Any CPU.Build.0 = Debug|Any CPU
		{993BD54A-6E55-4B21-B498-E0BDCE95EC4A}.Release|Any CPU.ActiveCfg = Release|Any CPU
		{993BD54A-6E55-4B21-B498-E0BDCE95EC4A}.Release|Any CPU.Build.0 = Release|Any CPU
		{69A99E75-5F05-4DD5-B625-542B067218B0}.Debug|Any CPU.ActiveCfg = Debug|Any CPU
		{69A99E75-5F05-4DD5-B625-542B067218B0}.Debug|Any CPU.Build.0 = Debug|Any CPU
		{69A99E75-5F05-4DD5-B625-542B067218B0}.Release|Any CPU.ActiveCfg = Release|Any CPU
		{69A99E75-5F05-4DD5-B625-542B067218B0}.Release|Any CPU.Build.0 = Release|Any CPU
		{26D24B38-7253-4629-A7D2-74EE9BE5C0A3}.Debug|Any CPU.ActiveCfg = Debug|Any CPU
		{26D24B38-7253-4629-A7D2-74EE9BE5C0A3}.Debug|Any CPU.Build.0 = Debug|Any CPU
		{26D24B38-7253-4629-A7D2-74EE9BE5C0A3}.Release|Any CPU.ActiveCfg = Release|Any CPU
		{26D24B38-7253-4629-A7D2-74EE9BE5C0A3}.Release|Any CPU.Build.0 = Release|Any CPU
	EndGlobalSection
	GlobalSection(SolutionProperties) = preSolution
		HideSolutionNode = FALSE
	EndGlobalSection
	GlobalSection(NestedProjects) = preSolution
		{C32E69CB-E776-4461-BD20-0BE159A629D6} = {6319D8CD-4BD0-4976-999B-4D923E2B3D2A}
		{A485292F-A262-4FB8-A84C-0C9DE9E755D7} = {2597CC7F-9DD4-406D-8683-856B97280026}
		{903FC340-99F3-43D2-8C34-22A764813D54} = {2597CC7F-9DD4-406D-8683-856B97280026}
		{C9C9FBCB-3E43-47AA-9A29-9C6B1204EB42} = {2597CC7F-9DD4-406D-8683-856B97280026}
		{B286ECB2-CCE8-4F97-AB9C-EE10A9C71F88} = {A485292F-A262-4FB8-A84C-0C9DE9E755D7}
		{993BD54A-6E55-4B21-B498-E0BDCE95EC4A} = {903FC340-99F3-43D2-8C34-22A764813D54}
		{69A99E75-5F05-4DD5-B625-542B067218B0} = {C9C9FBCB-3E43-47AA-9A29-9C6B1204EB42}
		{26D24B38-7253-4629-A7D2-74EE9BE5C0A3} = {2F90E99D-6DDE-4F3A-A797-994F58C14A02}
	EndGlobalSection
	GlobalSection(ExtensibilityGlobals) = postSolution
		SolutionGuid = {E85E160A-287D-4876-B2CB-09DCD854FA7D}
	EndGlobalSection
EndGlobal
